# This file is autogenerated, do not edit; changes may be undone by the next 'dep ensure'.


[[projects]]
  digest = "1:9f42202ac457c462ad8bb9642806d275af9ab4850cf0b1960b9c6f083d4a309a"
  name = "github.com/davecgh/go-spew"
  packages = ["spew"]
  pruneopts = "T"
  revision = "8991bc29aa16c548c550c7ff78260e27b9ab7c73"
  version = "v1.1.1"

[[projects]]
  branch = "master"
  digest = "1:91502b60a8323779cbd877daf50a3c62c3600a3412649b97f9f5d79cbb49a7df"
  name = "github.com/faiface/glhf"
  packages = ["."]
  pruneopts = "T"
  revision = "82a6317ac380cdc61567d729fe48833d75b8108e"

[[projects]]
  branch = "master"
  digest = "1:f43ae18fea96ddd49340e65001d1b556e2dba024228a93ee9eec25fe3fe52939"
  name = "github.com/faiface/mainthread"
  packages = ["."]
  pruneopts = "T"
  revision = "8b78f0a41ae388189090ac4506612659fa53082b"

[[projects]]
  digest = "1:348bc4af96f9f865dd3ae8430b419e8c389b761958d11a0aa7849946102699a5"
  name = "github.com/faiface/pixel"
  packages = [
    ".",
    "imdraw",
    "pixelgl",
    "text",
  ]
  pruneopts = "T"
  revision = "0c2d627cfa32f437abe22d6a6ee1de7d102c0264"
  version = "v0.8.0"

[[projects]]
  branch = "master"
  digest = "1:b381f42ff2aa50a63ba08355211e9543b03da2651f887c7ff66efc4dd3e4a46a"
  name = "github.com/go-gl/gl"
  packages = ["v3.3-core/gl"]
  pruneopts = "T"
  revision = "bf2b1f2f34d7f6a60a99a830f65dcd6afb0c6587"

[[projects]]
  branch = "master"
  digest = "1:36d6c0eee1c727f67e734eb7ab77765a42afe2b89d92a3b1bd76ceda11b18d01"
  name = "github.com/go-gl/glfw"
  packages = ["v3.2/glfw"]
  pruneopts = "T"
  revision = "12ad95a8df72b2f4e72eab0d29daa5e27a5c84ac"

[[projects]]
  branch = "master"
  digest = "1:1e6571ff30f4bed3e70f01c8dcb75484a8f1f65d9151f92e3012cf6a75ccc734"
  name = "github.com/go-gl/mathgl"
  packages = ["mgl32"]
  pruneopts = "T"
  revision = "592312d8590acb0686c14740dcf60e2f32d9c618"

[[projects]]
  branch = "master"
  digest = "1:d2d5e9922ece6ae1d37016e7e149ea86ad3d3ec7505376fc6fdba3e2f8ff5e2e"
  name = "github.com/golang/freetype"
  packages = [
    "raster",
    "truetype",
  ]
  pruneopts = "T"
  revision = "e2365dfdc4a05e4b8299a783240d4a7d5a65d4e4"

[[projects]]
  digest = "1:cf31692c14422fa27c83a05292eb5cbe0fb2775972e8f1f8446a71549bd8980b"
  name = "github.com/pkg/errors"
  packages = ["."]
  pruneopts = "T"
  revision = "ba968bfe8b2f7e042a574c888954fccecfa385b4"
  version = "v0.8.1"

[[projects]]
  digest = "1:22aa691fe0213cb5c07d103f9effebcb7ad04bee45a0ce5fe5369d0ca2ec3a1f"
  name = "github.com/pmezard/go-difflib"
  packages = ["difflib"]
  pruneopts = "T"
  revision = "792786c7400a136282c1664665ae0a8db921c6c2"
  version = "v1.0.0"

[[projects]]
  digest = "1:1d6f160431ac08b6e39b374f2ae9e00c9780cd604d65a5364d7304cd939efd0c"
  name = "github.com/stretchr/testify"
  packages = [
    "assert",
    "require",
  ]
  pruneopts = "T"
  revision = "221dbe5ed46703ee255b1da0dec05086f5035f62"
  version = "v1.4.0"

[[projects]]
  branch = "master"
  digest = "1:23794d45435b2a2c223792df39362cf083dfa331892935c5bc63df459f41f0c8"
  name = "golang.org/x/image"
  packages = [
    "colornames",
    "font",
    "font/basicfont",
    "font/plan9font",
    "math/f32",
    "math/fixed",
  ]
  pruneopts = "T"
  revision = "e7c1f5e7dbb87d8921928a6d9fc52fb31ce73b24"

[[projects]]
  branch = "master"
  digest = "1:78dd40e4c76927e3c04d1ec6f32f0f54daa55213f9b72ad9184d57c7307fb0fb"
  name = "golang.org/x/net"
  packages = [
    "html",
    "html/atom",
  ]
  pruneopts = "T"
  revision = "ef20fe5d793301b553005db740f730d87993f778"

[[projects]]
  digest = "1:b75b3deb2bce8bc079e16bb2aecfe01eb80098f5650f9e93e5643ca8b7b73737"
  name = "gopkg.in/yaml.v2"
  packages = ["."]
  pruneopts = "T"
  revision = "1f64d6156d11335c3f22d9330b0ad14fc1e789ce"
  version = "v2.2.7"

[solve-meta]
  analyzer-name = "dep"
  analyzer-version = 1
  input-imports = [
    "github.com/faiface/pixel",
    "github.com/faiface/pixel/imdraw",
    "github.com/faiface/pixel/pixelgl",
    "github.com/faiface/pixel/text",
    "github.com/golang/freetype/truetype",
    "github.com/stretchr/testify/require",
    "golang.org/x/image/colornames",
  ]
  solver-name = "gps-cdcl"
  solver-version = 1
